{
  "version": "2",
  "remote": {
    "https://deno.land/std@0.152.0/_deno_unstable.ts": "be3276fd42cffb49f51b705c4b0aa8656aaf2a34be22d769455c8e50ea38e51a",
    "https://deno.land/std@0.152.0/_util/assert.ts": "e94f2eb37cebd7f199952e242c77654e43333c1ac4c5c700e929ea3aa5489f74",
    "https://deno.land/std@0.152.0/_util/os.ts": "3b4c6e27febd119d36a416d7a97bd3b0251b77c88942c8f16ee5953ea13e2e49",
    "https://deno.land/std@0.152.0/fs/_util.ts": "2cf50bfb1081c2d5f2efec10ac19abbc2baf478e51cd1b057d0da2f30585b6ba",
    "https://deno.land/std@0.152.0/fs/copy.ts": "9248d1492599957af8c693ceb10a432b09f0b0b61c60a4d6aff29b0c7d3a17b3",
    "https://deno.land/std@0.152.0/fs/empty_dir.ts": "7274d87160de34cbed0531e284df383045cf43543bbeadeb97feac598bd8f3c5",
    "https://deno.land/std@0.152.0/fs/ensure_dir.ts": "9dc109c27df4098b9fc12d949612ae5c9c7169507660dcf9ad90631833209d9d",
    "https://deno.land/std@0.152.0/fs/ensure_file.ts": "7d353e64fee3d4d1e7c6b6726a2a5e987ba402c15fb49566309042887349c545",
    "https://deno.land/std@0.152.0/fs/ensure_link.ts": "489e23df9fe3e6636048b5830ddf0f111eb29621eb85719255ad9bd645f3471b",
    "https://deno.land/std@0.152.0/fs/ensure_symlink.ts": "88dc83de1bc90ed883dd458c2d2eae3d5834a4617d12925734836e1f0803b274",
    "https://deno.land/std@0.152.0/fs/eol.ts": "b92f0b88036de507e7e6fbedbe8f666835ea9dcbf5ac85917fa1fadc919f83a5",
    "https://deno.land/std@0.152.0/fs/exists.ts": "cb734d872f8554ea40b8bff77ad33d4143c1187eac621a55bf37781a43c56f6d",
    "https://deno.land/std@0.152.0/fs/expand_glob.ts": "143400698822117018c3646f4b7d2d418bc5cdede1ec837a8c70013b7711c761",
    "https://deno.land/std@0.152.0/fs/mod.ts": "354a6f972ef4e00c4dd1f1339a8828ef0764c1c23d3c0010af3fcc025d8655b0",
    "https://deno.land/std@0.152.0/fs/move.ts": "0573cedcf583f09a9494f2dfccbf67de68a93629942d6b5e6e74a9e45d4e8a2e",
    "https://deno.land/std@0.152.0/fs/walk.ts": "6ce8d87fbaeda23383e979599ad27f3f94b3e5ff0c0cd976b5fc5c2aa0df7d92",
    "https://deno.land/std@0.152.0/path/_constants.ts": "df1db3ffa6dd6d1252cc9617e5d72165cd2483df90e93833e13580687b6083c3",
    "https://deno.land/std@0.152.0/path/_interface.ts": "ee3b431a336b80cf445441109d089b70d87d5e248f4f90ff906820889ecf8d09",
    "https://deno.land/std@0.152.0/path/_util.ts": "c1e9686d0164e29f7d880b2158971d805b6e0efc3110d0b3e24e4b8af2190d2b",
    "https://deno.land/std@0.152.0/path/common.ts": "bee563630abd2d97f99d83c96c2fa0cca7cee103e8cb4e7699ec4d5db7bd2633",
    "https://deno.land/std@0.152.0/path/glob.ts": "cb5255638de1048973c3e69e420c77dc04f75755524cb3b2e160fe9277d939ee",
    "https://deno.land/std@0.152.0/path/mod.ts": "56fec03ad0ebd61b6ab39ddb9b0ddb4c4a5c9f2f4f632e09dd37ec9ebfd722ac",
    "https://deno.land/std@0.152.0/path/posix.ts": "c1f7afe274290ea0b51da07ee205653b2964bd74909a82deb07b69a6cc383aaa",
    "https://deno.land/std@0.152.0/path/separator.ts": "fe1816cb765a8068afb3e8f13ad272351c85cbc739af56dacfc7d93d710fe0f9",
    "https://deno.land/std@0.152.0/path/win32.ts": "bd7549042e37879c68ff2f8576a25950abbfca1d696d41d82c7bca0b7e6f452c",
    "https://deno.land/std@0.155.0/fmt/colors.ts": "ff7dc9c9f33a72bd48bc24b21bbc1b4545d8494a431f17894dbc5fe92a938fc4",
    "https://deno.land/std@0.155.0/testing/_diff.ts": "a23e7fc2b4d8daa3e158fa06856bedf5334ce2a2831e8bf9e509717f455adb2c",
    "https://deno.land/std@0.155.0/testing/_format.ts": "cd11136e1797791045e639e9f0f4640d5b4166148796cad37e6ef75f7d7f3832",
    "https://deno.land/std@0.155.0/testing/asserts.ts": "ac295f7fd22a7af107580e2475402a8c386cb1bf18bf837ae266ac0665786026",
    "https://deno.land/std@0.161.0/semver/mod.ts": "25f6d286ab714096bc278babbf8d7c7d51ce790c83805fd7e1e2bd6a18b5f2e2",
    "https://deno.land/x/sqlite_native@0.1.0/src/binary_manager.ts": "1b33c4fd58ccf338d90dc212d5083a81f82a5b3cb246579747a5efb36f22fe17",
    "https://deno.land/x/sqlite_native@0.1.0/src/constants.ts": "85fd27aa6e199093f25f5f437052e16fd0e0870b96ca9b24a98e04ddc8b7d006",
    "https://deno.land/x/sqlite_native@0.1.0/src/database.ts": "eab9f1c95accd2391e845d5351e4aec8fc02eb6d67723c648a3372565de3ff37",
    "https://deno.land/x/sqlite_native@0.1.0/src/ffi.ts": "3562e9a10e58db8da96481788859c0fc50cfb85bdfc409e513726a584d30a806",
    "https://deno.land/x/sqlite_native@0.1.0/src/mod.ts": "c19374dd38651f3849d137ddfb1c1134cdb45368d5bf14a13a336fd7ad789f9b",
    "https://deno.land/x/sqlite_native@0.1.0/src/statement.ts": "5ab8e193cfcfda951953e1bd3fd609c81927a107f2350c73ae5bd8dbadd07281",
    "https://deno.land/x/sqlite_native@0.1.0/src/util.ts": "54cc944fbc96980803703e44a002fa4cb2f290836b5f094ae04a53f0f3346423",
    "https://deno.land/x/sqlite_native@1.0.1/mod.ts": "d181d593d1501498d9247e730721a376ba7f7a4033a852c5409a25e2fee8213c",
    "https://deno.land/x/sqlite_native@1.0.1/src/binary_manager.ts": "1b33c4fd58ccf338d90dc212d5083a81f82a5b3cb246579747a5efb36f22fe17",
    "https://deno.land/x/sqlite_native@1.0.1/src/constants.ts": "85fd27aa6e199093f25f5f437052e16fd0e0870b96ca9b24a98e04ddc8b7d006",
    "https://deno.land/x/sqlite_native@1.0.1/src/database.ts": "eab9f1c95accd2391e845d5351e4aec8fc02eb6d67723c648a3372565de3ff37",
    "https://deno.land/x/sqlite_native@1.0.1/src/ffi.ts": "3562e9a10e58db8da96481788859c0fc50cfb85bdfc409e513726a584d30a806",
    "https://deno.land/x/sqlite_native@1.0.1/src/statement.ts": "5ab8e193cfcfda951953e1bd3fd609c81927a107f2350c73ae5bd8dbadd07281",
    "https://deno.land/x/sqlite_native@1.0.1/src/util.ts": "54cc944fbc96980803703e44a002fa4cb2f290836b5f094ae04a53f0f3346423",
    "https://deno.land/x/sqlite_native@1.0.2/mod.ts": "d181d593d1501498d9247e730721a376ba7f7a4033a852c5409a25e2fee8213c",
    "https://deno.land/x/sqlite_native@1.0.2/src/binary_manager.ts": "76bd2f9e68bd2fe7f863e42483b767e03dd89456689b79c8d879f8390d76f064",
    "https://deno.land/x/sqlite_native@1.0.2/src/constants.ts": "85fd27aa6e199093f25f5f437052e16fd0e0870b96ca9b24a98e04ddc8b7d006",
    "https://deno.land/x/sqlite_native@1.0.2/src/database.ts": "eab9f1c95accd2391e845d5351e4aec8fc02eb6d67723c648a3372565de3ff37",
    "https://deno.land/x/sqlite_native@1.0.2/src/ffi.ts": "3562e9a10e58db8da96481788859c0fc50cfb85bdfc409e513726a584d30a806",
    "https://deno.land/x/sqlite_native@1.0.2/src/statement.ts": "5ab8e193cfcfda951953e1bd3fd609c81927a107f2350c73ae5bd8dbadd07281",
    "https://deno.land/x/sqlite_native@1.0.2/src/util.ts": "54cc944fbc96980803703e44a002fa4cb2f290836b5f094ae04a53f0f3346423",
    "https://deno.land/x/sqlite_native@1.0.5/mod.ts": "d181d593d1501498d9247e730721a376ba7f7a4033a852c5409a25e2fee8213c",
    "https://deno.land/x/sqlite_native@1.0.5/src/binary_manager.ts": "76bd2f9e68bd2fe7f863e42483b767e03dd89456689b79c8d879f8390d76f064",
    "https://deno.land/x/sqlite_native@1.0.5/src/constants.ts": "85fd27aa6e199093f25f5f437052e16fd0e0870b96ca9b24a98e04ddc8b7d006",
    "https://deno.land/x/sqlite_native@1.0.5/src/database.ts": "593d6753ade25552e053931852acc9129dfc536e881ff9c5cb96cf2e227a9059",
    "https://deno.land/x/sqlite_native@1.0.5/src/ffi.ts": "93086e8401922bc4f2b01adaecc834b64c9f4a750b205975f828dc800e436b7f",
    "https://deno.land/x/sqlite_native@1.0.5/src/statement.ts": "3866f6c21ed8ce5f87a8898f5b51f437d53a64442f857bd6c3baefd21506d7b2",
    "https://deno.land/x/sqlite_native@1.0.5/src/util.ts": "54cc944fbc96980803703e44a002fa4cb2f290836b5f094ae04a53f0f3346423",
    "https://deno.land/x/sqlite_native@v1.0.4/mod.ts": "d181d593d1501498d9247e730721a376ba7f7a4033a852c5409a25e2fee8213c",
    "https://deno.land/x/sqlite_native@v1.0.4/src/binary_manager.ts": "76bd2f9e68bd2fe7f863e42483b767e03dd89456689b79c8d879f8390d76f064",
    "https://deno.land/x/sqlite_native@v1.0.4/src/constants.ts": "85fd27aa6e199093f25f5f437052e16fd0e0870b96ca9b24a98e04ddc8b7d006",
    "https://deno.land/x/sqlite_native@v1.0.4/src/database.ts": "593d6753ade25552e053931852acc9129dfc536e881ff9c5cb96cf2e227a9059",
    "https://deno.land/x/sqlite_native@v1.0.4/src/ffi.ts": "461ef4d7c3b6bc9936c30ade02c88352fa195eec0ca9f15ee5bdc798bac73bd9",
    "https://deno.land/x/sqlite_native@v1.0.4/src/statement.ts": "3866f6c21ed8ce5f87a8898f5b51f437d53a64442f857bd6c3baefd21506d7b2",
    "https://deno.land/x/sqlite_native@v1.0.4/src/util.ts": "54cc944fbc96980803703e44a002fa4cb2f290836b5f094ae04a53f0f3346423",
    "https://deno.land/x/zod@v3.18.0/ZodError.ts": "8a5272bdd5e7ac8194a3ddb5a12ab21e036275e28905d9469b16965335f4af19",
    "https://deno.land/x/zod@v3.18.0/external.ts": "6f79b9f9cd6a8ba8dce13bce680e2875995dff3849b6ed1c184cf53ef26df954",
    "https://deno.land/x/zod@v3.18.0/helpers/enumUtil.ts": "54efc393cc9860e687d8b81ff52e980def00fa67377ad0bf8b3104f8a5bf698c",
    "https://deno.land/x/zod@v3.18.0/helpers/errorUtil.ts": "7a77328240be7b847af6de9189963bd9f79cab32bbc61502a9db4fe6683e2ea7",
    "https://deno.land/x/zod@v3.18.0/helpers/parseUtil.ts": "bc678327682dbd98a989fdf7dd14905791c7bbc0e7794e13140bc308a3c47387",
    "https://deno.land/x/zod@v3.18.0/helpers/partialUtil.ts": "8dc921a02b47384cf52217c7e539268daf619f89319b75bdf13ea178815725df",
    "https://deno.land/x/zod@v3.18.0/helpers/typeAliases.ts": "a1a8d039eb98925f242f5ea1e21e6d3cabd7f05e9747680165c914695c979b4f",
    "https://deno.land/x/zod@v3.18.0/helpers/util.ts": "6aebafcfdb8cade67ee0c4e72082e3a2758f1f6aa9bcce1b62e33f5e68e1982f",
    "https://deno.land/x/zod@v3.18.0/index.ts": "035a7422d9f2be54daa0fe464254b69225b443000673e4794095d672471e8792",
    "https://deno.land/x/zod@v3.18.0/mod.ts": "64e55237cb4410e17d968cd08975566059f27638ebb0b86048031b987ba251c4",
    "https://deno.land/x/zod@v3.18.0/types.ts": "f15cf4d03176c0987a6b5d3589ccee35e73b7947f33f5ab93f1be27b3a51517e"
  },
  "npm": {
    "specifiers": {
      "ts-expect": "ts-expect@1.3.0"
    },
    "packages": {
      "ts-expect@1.3.0": {
        "integrity": "sha512-e4g0EJtAjk64xgnFPD6kTBUtpnMVzDrMb12N1YZV0VvSlhnVT3SGxiYTLdGy8Q5cYHOIC/FAHmZ10eGrAguicQ==",
        "dependencies": {}
      }
    }
  }
}