{
  "version": "3",
  "packages": {
    "specifiers": {
      "jsr:@db/sqlite@0.11": "jsr:@db/sqlite@0.11.1",
      "jsr:@denosaurs/plug@1": "jsr:@denosaurs/plug@1.0.6",
      "jsr:@std/assert@^0.217.0": "jsr:@std/assert@0.217.0",
      "jsr:@std/assert@^0.221.0": "jsr:@std/assert@0.221.0",
      "jsr:@std/encoding@^0.221.0": "jsr:@std/encoding@0.221.0",
      "jsr:@std/fmt@0.225.4": "jsr:@std/fmt@0.225.4",
      "jsr:@std/fmt@^0.221.0": "jsr:@std/fmt@0.221.0",
      "jsr:@std/fs@^0.221.0": "jsr:@std/fs@0.221.0",
      "jsr:@std/path@0.217": "jsr:@std/path@0.217.0",
      "jsr:@std/path@^0.221.0": "jsr:@std/path@0.221.0",
      "jsr:@std/semver@0.200.0": "jsr:@std/semver@0.200.0",
      "npm:ts-expect": "npm:ts-expect@1.3.0",
      "npm:zod@3.18.0": "npm:zod@3.18.0"
    },
    "jsr": {
      "@db/sqlite@0.11.1": {
        "integrity": "546434e7ed762db07e6ade0f963540dd5e06723b802937bf260ff855b21ef9c5",
        "dependencies": [
          "jsr:@denosaurs/plug@1",
          "jsr:@std/path@0.217"
        ]
      },
      "@denosaurs/plug@1.0.6": {
        "integrity": "6cf5b9daba7799837b9ffbe89f3450510f588fafef8115ddab1ff0be9cb7c1a7",
        "dependencies": [
          "jsr:@std/encoding@^0.221.0",
          "jsr:@std/fmt@^0.221.0",
          "jsr:@std/fs@^0.221.0",
          "jsr:@std/path@^0.221.0"
        ]
      },
      "@std/assert@0.217.0": {
        "integrity": "c98e279362ca6982d5285c3b89517b757c1e3477ee9f14eb2fdf80a45aaa9642"
      },
      "@std/assert@0.221.0": {
        "integrity": "a5f1aa6e7909dbea271754fd4ab3f4e687aeff4873b4cef9a320af813adb489a"
      },
      "@std/encoding@0.221.0": {
        "integrity": "d1dd76ef0dc5d14088411e6dc1dede53bf8308c95d1537df1214c97137208e45"
      },
      "@std/fmt@0.221.0": {
        "integrity": "379fed69bdd9731110f26b9085aeb740606b20428ce6af31ef6bd45ef8efa62a"
      },
      "@std/fmt@0.225.4": {
        "integrity": "584c681cf422b70e28959b57e59012823609c087384cbf12d05f67814797fda3"
      },
      "@std/fs@0.221.0": {
        "integrity": "028044450299de8ed5a716ade4e6d524399f035513b85913794f4e81f07da286",
        "dependencies": [
          "jsr:@std/assert@^0.221.0",
          "jsr:@std/path@^0.221.0"
        ]
      },
      "@std/path@0.217.0": {
        "integrity": "1217cc25534bca9a2f672d7fe7c6f356e4027df400c0e85c0ef3e4343bc67d11",
        "dependencies": [
          "jsr:@std/assert@^0.217.0"
        ]
      },
      "@std/path@0.221.0": {
        "integrity": "0a36f6b17314ef653a3a1649740cc8db51b25a133ecfe838f20b79a56ebe0095",
        "dependencies": [
          "jsr:@std/assert@^0.221.0"
        ]
      },
      "@std/semver@0.200.0": {
        "integrity": "24dbcf555b801a84c2cb7f07e0634cb971fb148f1a9576543f0b0009386469d4"
      }
    },
    "npm": {
      "ts-expect@1.3.0": {
        "integrity": "sha512-e4g0EJtAjk64xgnFPD6kTBUtpnMVzDrMb12N1YZV0VvSlhnVT3SGxiYTLdGy8Q5cYHOIC/FAHmZ10eGrAguicQ==",
        "dependencies": {}
      },
      "zod@3.18.0": {
        "integrity": "sha512-gwTm8RfUCe8l9rDwN5r2A17DkAa8Ez4Yl4yXqc5VqeGaXaJahzYYXbTwvhroZi0SNBqTwh/bKm2N0mpCzuw4bA==",
        "dependencies": {}
      }
    }
  },
  "remote": {
    "https://deno.land/std@0.155.0/fmt/colors.ts": "ff7dc9c9f33a72bd48bc24b21bbc1b4545d8494a431f17894dbc5fe92a938fc4",
    "https://deno.land/std@0.155.0/testing/_diff.ts": "a23e7fc2b4d8daa3e158fa06856bedf5334ce2a2831e8bf9e509717f455adb2c",
    "https://deno.land/std@0.155.0/testing/_format.ts": "cd11136e1797791045e639e9f0f4640d5b4166148796cad37e6ef75f7d7f3832",
    "https://deno.land/std@0.155.0/testing/asserts.ts": "ac295f7fd22a7af107580e2475402a8c386cb1bf18bf837ae266ac0665786026",
    "https://deno.land/std@0.210.0/semver/_shared.ts": "0889c3b7164f77bd02374bdd9ac17782e36ab69894a78ba940d474e5f9ca985d",
    "https://deno.land/std@0.210.0/semver/cmp.ts": "12c30b5888afd9e414defef64f881a478ff9ab11bd329ed6c5844b74eea5c971",
    "https://deno.land/std@0.210.0/semver/comparator_format.ts": "b963d13c82c6d4f2b54622ba9d75658cb4e329c1a0f8ad60948ff9033d09ad44",
    "https://deno.land/std@0.210.0/semver/comparator_intersects.ts": "84a2601b2a9d1ae95f0c6eb8713d1a3a865c74d67e47b8f966a6f0ce5caa97b1",
    "https://deno.land/std@0.210.0/semver/comparator_max.ts": "f4cc5f528abd8aab68c66bbead732e3c59102b13a318cd8e4f8a47aa3debec76",
    "https://deno.land/std@0.210.0/semver/comparator_min.ts": "eea382428ebf0c50168f780898df8519c88da5a10d1f8babbfebdc89fb75942e",
    "https://deno.land/std@0.210.0/semver/compare.ts": "782e03b5107648bebaaebf0e33a9a7d6a0481eb88d2f7be8e857e4abbfdf42c0",
    "https://deno.land/std@0.210.0/semver/compare_build.ts": "5d6ebc0106f1ed46e391d6c234e071934ba30938fa818c9cc3da67c7c7494c02",
    "https://deno.land/std@0.210.0/semver/constants.ts": "bb0c7652c433c7ec1dad5bf18c7e7e1557efe9ddfd5e70aa6305153e76dc318c",
    "https://deno.land/std@0.210.0/semver/difference.ts": "966ef286f0bfde53ebfb74a727c607b05a7fdce623a678794d088166b9b9afdf",
    "https://deno.land/std@0.210.0/semver/eq.ts": "6ddb84ce8c95f18e9b7a46d8a63b1e6ca5f0c0f651f1f46f20db6543b390c3f3",
    "https://deno.land/std@0.210.0/semver/format.ts": "90c33d2b4f5c07412e62cb49fca847da5df89ee68590eb6e30e9e49c27fab533",
    "https://deno.land/std@0.210.0/semver/gt.ts": "8529cf2ae1bca95c22801cf38f93620dc802c5dcbc02f863437571b970de3705",
    "https://deno.land/std@0.210.0/semver/gte.ts": "b54f7855ac37ff076d6df9a294e944356754171f94f5cb974af782480a9f1fd0",
    "https://deno.land/std@0.210.0/semver/gtr.ts": "d2ec1f02ce6a566b7df76a188af7315d802c6069892d460d631a3b0d9e2b1a45",
    "https://deno.land/std@0.210.0/semver/increment.ts": "a6e5ac018887244731a4b936743ae14476cc432ac874f1c9848711b4000c5991",
    "https://deno.land/std@0.210.0/semver/is_comparator.ts": "1780fe68a7893128c5ab3ef491b9764ce6f5358473e311da69f40cc42297bc17",
    "https://deno.land/std@0.210.0/semver/is_semver.ts": "666f4e1d8e41994150d4326d515046bc5fc72e59cbbd6e756a0b60548dcd00b5",
    "https://deno.land/std@0.210.0/semver/is_semver_comparator.ts": "f077f9c916dee0fc2dd7cf59270422d3336375a4524c1d6bace2c3b6b81057d4",
    "https://deno.land/std@0.210.0/semver/is_semver_range.ts": "6f9b4f1c937a202750cae9444900d8abe4a68cc3bf5bb90f0d49c08cf85308cb",
    "https://deno.land/std@0.210.0/semver/lt.ts": "081614b5adbc5bc944649e09af946a90a4b4bdb3d65a67c005183994504f04c2",
    "https://deno.land/std@0.210.0/semver/lte.ts": "f8605c17d620bfb3aa57775643e3c560c04f7c20f2e431f64ca5b2ea39e36217",
    "https://deno.land/std@0.210.0/semver/ltr.ts": "975e672b5ca8aa67336660653f8c76e1db829c628fb08ea3e815a9a12fa7eb9c",
    "https://deno.land/std@0.210.0/semver/max_satisfying.ts": "75406901818cd1127a6332e007e96285474e833d0e40dbbfddc01b08ee6e51f2",
    "https://deno.land/std@0.210.0/semver/min_satisfying.ts": "58bd48033a00e63bea0709f78c33c66ea58bce2dbebda0d54d3fdc6db7d0d298",
    "https://deno.land/std@0.210.0/semver/mod.ts": "442702e8a57cbf02e68868c46ffe66ecf6efbde58d72cfdfbdaa51ad0c4af513",
    "https://deno.land/std@0.210.0/semver/neq.ts": "e91b699681c3b406fc3d661d4eac7aa36cd1cc8bf188f8e3c7b53cc340775b87",
    "https://deno.land/std@0.210.0/semver/outside.ts": "1d225fdb42172d946c382e144ce97c402812741741bbe299561aa164cc956ec4",
    "https://deno.land/std@0.210.0/semver/parse.ts": "bf4f553946a8dba84443ba7280051471509bceb645ace60faccc2670dbec95e5",
    "https://deno.land/std@0.210.0/semver/parse_comparator.ts": "94b320afd02e5ec96b17ae0f9d7f2d08e20075d84bb939a8934e81502623c6dd",
    "https://deno.land/std@0.210.0/semver/parse_range.ts": "4b38163187417cd6fddcf23876b7461a14afa9e624f2d968bf3f96b6eafe14d3",
    "https://deno.land/std@0.210.0/semver/range_format.ts": "6a1cf60cda5fcb1b2697cf21fdeff7e727a4ec5f864a69aab9e0270de80babdc",
    "https://deno.land/std@0.210.0/semver/range_intersects.ts": "8672e603df1bb68a02452b634021c4913395f4d16d75c21b578d6f4175a2b2c1",
    "https://deno.land/std@0.210.0/semver/range_max.ts": "06957d4ede45f7594babdeb766986cfba156fd9d89bcded56aa36c929318219c",
    "https://deno.land/std@0.210.0/semver/range_min.ts": "a4ea117477c2042289d981afdf917f292b546ca68262554f5c4c7f1dacae49ce",
    "https://deno.land/std@0.210.0/semver/rcompare.ts": "282ab9d3c646a5d3972b6b1989a0805d23ba649b0735d8a6ddafbe26b5e2f124",
    "https://deno.land/std@0.210.0/semver/rsort.ts": "a9139a1fc37570f9d8b6517032d152cf69143cec89d4342f19174e48f06d8543",
    "https://deno.land/std@0.210.0/semver/sort.ts": "c058a5b2c8e866fa8e6ef25c9d228133357caf4c140f129bfc368334fcd0813b",
    "https://deno.land/std@0.210.0/semver/test_comparator.ts": "eff5394cb82d133ed18f96fe547de7e7264bf0d25d16cbc6126664aa06ef8f37",
    "https://deno.land/std@0.210.0/semver/test_range.ts": "955273bf46a2df913e9cbd92e92a9c2996f01118352f4755421551e0076df1d4",
    "https://deno.land/std@0.210.0/semver/types.ts": "1a41e669ac3683201473e248167ec76cea2d6a74cbba5f10d2c179aecabf5881"
  }
}
